
Microsoft Visual Studio Solution File, Format Version 12.00
# Visual Studio 15
Project("{FAE04EC0-301F-11D3-BF4B-00C04F79EFBC}") = "Assembly-CSharp-firstpass", "Assembly-CSharp-firstpass.csproj", "{250446BF-9EAB-086F-E112-0C3384B8EFB9}"
EndProject
Project("{FAE04EC0-301F-11D3-BF4B-00C04F79EFBC}") = "Assembly-CSharp", "Assembly-CSharp.csproj", "{93170B54-A16E-FC9D-8413-F253620FBA45}"
EndProject
Project("{FAE04EC0-301F-11D3-BF4B-00C04F79EFBC}") = "Assembly-CSharp-Editor-firstpass", "Assembly-CSharp-Editor-firstpass.csproj", "{0A5365AC-48BB-882E-D5BC-FBD881F201C9}"
EndProject
Global
	GlobalSection(SolutionConfigurationPlatforms) = preSolution
		Debug|Any CPU = Debug|Any CPU
		Release|Any CPU = Release|Any CPU
	EndGlobalSection
	GlobalSection(ProjectConfigurationPlatforms) = postSolution
		{250446BF-9EAB-086F-E112-0C3384B8EFB9}.Debug|Any CPU.ActiveCfg = Debug|Any CPU
		{250446BF-9EAB-086F-E112-0C3384B8EFB9}.Debug|Any CPU.Build.0 = Debug|Any CPU
		{250446BF-9EAB-086F-E112-0C3384B8EFB9}.Release|Any CPU.ActiveCfg = Release|Any CPU
		{250446BF-9EAB-086F-E112-0C3384B8EFB9}.Release|Any CPU.Build.0 = Release|Any CPU
		{93170B54-A16E-FC9D-8413-F253620FBA45}.Debug|Any CPU.ActiveCfg = Debug|Any CPU
		{93170B54-A16E-FC9D-8413-F253620FBA45}.Debug|Any CPU.Build.0 = Debug|Any CPU
		{93170B54-A16E-FC9D-8413-F253620FBA45}.Release|Any CPU.ActiveCfg = Release|Any CPU
		{93170B54-A16E-FC9D-8413-F253620FBA45}.Release|Any CPU.Build.0 = Release|Any CPU
		{0A5365AC-48BB-882E-D5BC-FBD881F201C9}.Debug|Any CPU.ActiveCfg = Debug|Any CPU
		{0A5365AC-48BB-882E-D5BC-FBD881F201C9}.Debug|Any CPU.Build.0 = Debug|Any CPU
		{0A5365AC-48BB-882E-D5BC-FBD881F201C9}.Release|Any CPU.ActiveCfg = Release|Any CPU
		{0A5365AC-48BB-882E-D5BC-FBD881F201C9}.Release|Any CPU.Build.0 = Release|Any CPU
	EndGlobalSection
	GlobalSection(SolutionProperties) = preSolution
		HideSolutionNode = FALSE
	EndGlobalSection
EndGlobal
